# THIS IS AN AUTOGENERATED FILE. DO NOT EDIT THIS FILE DIRECTLY.
# yarn lockfile v1


prettier@^2.8.1:
  version "2.8.1"
  resolved "https://registry.yarnpkg.com/prettier/-/prettier-2.8.1.tgz#4e1fd11c34e2421bc1da9aea9bd8127cd0a35efc"
  integrity sha512-lqGoSJBQNJidqCHE80vqZJHWHRFoNYsSpP9AjFhlhi9ODCJA541svILes/+/1GM3VaL/abZi7cpFzOpdR9UPKg==

zenn-cli@^0.1.134:
  version "0.1.134"
  resolved "https://registry.yarnpkg.com/zenn-cli/-/zenn-cli-0.1.134.tgz#834d6323e5e34cb7b7d616bb05f27be7dd83da06"
  integrity sha512-DOo5MZbGQagO0S2l5jvWtTgf6+OvHjrK3v1YE4SzeNldtHJ1FV+hafxu41+yIxtG/T0iqB6N/+kl2nY7rqJUYQ==
